
Microsoft Visual Studio Solution File, Format Version 12.00
# Visual Studio Version 16
VisualStudioVersion = 16.0.30330.147
MinimumVisualStudioVersion = 10.0.40219.1
Project("{FAE04EC0-301F-11D3-BF4B-00C04F79EFBC}") = "Helmet Shot", "Helmet Shot\Helmet Shot.csproj", "{B648A7B4-AAF9-4171-8F46-AA90C39CB0DB}"
EndProject
Global
	GlobalSection(SolutionConfigurationPlatforms) = preSolution
		Debug|Any CPU = Debug|Any CPU
		Release|Any CPU = Release|Any CPU
	EndGlobalSection
	GlobalSection(ProjectConfigurationPlatforms) = postSolution
		{B648A7B4-AAF9-4171-8F46-AA90C39CB0DB}.Debug|Any CPU.ActiveCfg = Debug|Any CPU
		{B648A7B4-AAF9-4171-8F46-AA90C39CB0DB}.Debug|Any CPU.Build.0 = Debug|Any CPU
		{B648A7B4-AAF9-4171-8F46-AA90C39CB0DB}.Release|Any CPU.ActiveCfg = Release|Any CPU
		{B648A7B4-AAF9-4171-8F46-AA90C39CB0DB}.Release|Any CPU.Build.0 = Release|Any CPU
	EndGlobalSection
	GlobalSection(SolutionProperties) = preSolution
		HideSolutionNode = FALSE
	EndGlobalSection
	GlobalSection(ExtensibilityGlobals) = postSolution
		SolutionGuid = {78BD8798-B7E5-404F-9084-56F8AB3C9E3B}
	EndGlobalSection
EndGlobal
